
Microsoft Visual Studio Solution File, Format Version 12.00
# Visual Studio Version 16
VisualStudioVersion = 16.0.31515.178
MinimumVisualStudioVersion = 10.0.40219.1
Project("{FAE04EC0-301F-11D3-BF4B-00C04F79EFBC}") = "PersistentDictionary", "PersistentDictionary\PersistentDictionary.csproj", "{DD45BA06-413E-4A68-8D08-80DA83CB4258}"
EndProject
Project("{FAE04EC0-301F-11D3-BF4B-00C04F79EFBC}") = "Test", "Test\Test.csproj", "{58314778-8314-4C7B-96D8-A7239BCB53E5}"
EndProject
Project("{FAE04EC0-301F-11D3-BF4B-00C04F79EFBC}") = "Test.Shared", "Test.Shared\Test.Shared.csproj", "{81A6088A-50D0-4B5E-98FA-8B4383421155}"
EndProject
Project("{FAE04EC0-301F-11D3-BF4B-00C04F79EFBC}") = "Test.Automated", "Test.Automated\Test.Automated.csproj", "{C743E1E1-492A-4699-8618-FBB2E2683492}"
EndProject
Project("{FAE04EC0-301F-11D3-BF4B-00C04F79EFBC}") = "Test.Xunit", "Test.Xunit\Test.Xunit.csproj", "{ECDEF6EF-197A-4DF9-A3F2-072FB53B5CAA}"
EndProject
Project("{FAE04EC0-301F-11D3-BF4B-00C04F79EFBC}") = "Test.Nunit", "Test.Nunit\Test.Nunit.csproj", "{55F2C7B3-78FE-45A2-9847-1A2AD8076E11}"
EndProject
Global
	GlobalSection(SolutionConfigurationPlatforms) = preSolution
		Debug|Any CPU = Debug|Any CPU
		Debug|x64 = Debug|x64
		Debug|x86 = Debug|x86
		Release|Any CPU = Release|Any CPU
		Release|x64 = Release|x64
		Release|x86 = Release|x86
	EndGlobalSection
	GlobalSection(ProjectConfigurationPlatforms) = postSolution
		{DD45BA06-413E-4A68-8D08-80DA83CB4258}.Debug|Any CPU.ActiveCfg = Debug|Any CPU
		{DD45BA06-413E-4A68-8D08-80DA83CB4258}.Debug|Any CPU.Build.0 = Debug|Any CPU
		{DD45BA06-413E-4A68-8D08-80DA83CB4258}.Debug|x64.ActiveCfg = Debug|Any CPU
		{DD45BA06-413E-4A68-8D08-80DA83CB4258}.Debug|x64.Build.0 = Debug|Any CPU
		{DD45BA06-413E-4A68-8D08-80DA83CB4258}.Debug|x86.ActiveCfg = Debug|Any CPU
		{DD45BA06-413E-4A68-8D08-80DA83CB4258}.Debug|x86.Build.0 = Debug|Any CPU
		{DD45BA06-413E-4A68-8D08-80DA83CB4258}.Release|Any CPU.ActiveCfg = Release|Any CPU
		{DD45BA06-413E-4A68-8D08-80DA83CB4258}.Release|Any CPU.Build.0 = Release|Any CPU
		{DD45BA06-413E-4A68-8D08-80DA83CB4258}.Release|x64.ActiveCfg = Release|Any CPU
		{DD45BA06-413E-4A68-8D08-80DA83CB4258}.Release|x64.Build.0 = Release|Any CPU
		{DD45BA06-413E-4A68-8D08-80DA83CB4258}.Release|x86.ActiveCfg = Release|Any CPU
		{DD45BA06-413E-4A68-8D08-80DA83CB4258}.Release|x86.Build.0 = Release|Any CPU
		{58314778-8314-4C7B-96D8-A7239BCB53E5}.Debug|Any CPU.ActiveCfg = Debug|Any CPU
		{58314778-8314-4C7B-96D8-A7239BCB53E5}.Debug|Any CPU.Build.0 = Debug|Any CPU
		{58314778-8314-4C7B-96D8-A7239BCB53E5}.Debug|x64.ActiveCfg = Debug|Any CPU
		{58314778-8314-4C7B-96D8-A7239BCB53E5}.Debug|x64.Build.0 = Debug|Any CPU
		{58314778-8314-4C7B-96D8-A7239BCB53E5}.Debug|x86.ActiveCfg = Debug|Any CPU
		{58314778-8314-4C7B-96D8-A7239BCB53E5}.Debug|x86.Build.0 = Debug|Any CPU
		{58314778-8314-4C7B-96D8-A7239BCB53E5}.Release|Any CPU.ActiveCfg = Release|Any CPU
		{58314778-8314-4C7B-96D8-A7239BCB53E5}.Release|Any CPU.Build.0 = Release|Any CPU
		{58314778-8314-4C7B-96D8-A7239BCB53E5}.Release|x64.ActiveCfg = Release|Any CPU
		{58314778-8314-4C7B-96D8-A7239BCB53E5}.Release|x64.Build.0 = Release|Any CPU
		{58314778-8314-4C7B-96D8-A7239BCB53E5}.Release|x86.ActiveCfg = Release|Any CPU
		{58314778-8314-4C7B-96D8-A7239BCB53E5}.Release|x86.Build.0 = Release|Any CPU
		{81A6088A-50D0-4B5E-98FA-8B4383421155}.Debug|Any CPU.ActiveCfg = Debug|Any CPU
		{81A6088A-50D0-4B5E-98FA-8B4383421155}.Debug|Any CPU.Build.0 = Debug|Any CPU
		{81A6088A-50D0-4B5E-98FA-8B4383421155}.Debug|x64.ActiveCfg = Debug|Any CPU
		{81A6088A-50D0-4B5E-98FA-8B4383421155}.Debug|x64.Build.0 = Debug|Any CPU
		{81A6088A-50D0-4B5E-98FA-8B4383421155}.Debug|x86.ActiveCfg = Debug|Any CPU
		{81A6088A-50D0-4B5E-98FA-8B4383421155}.Debug|x86.Build.0 = Debug|Any CPU
		{81A6088A-50D0-4B5E-98FA-8B4383421155}.Release|Any CPU.ActiveCfg = Release|Any CPU
		{81A6088A-50D0-4B5E-98FA-8B4383421155}.Release|Any CPU.Build.0 = Release|Any CPU
		{81A6088A-50D0-4B5E-98FA-8B4383421155}.Release|x64.ActiveCfg = Release|Any CPU
		{81A6088A-50D0-4B5E-98FA-8B4383421155}.Release|x64.Build.0 = Release|Any CPU
		{81A6088A-50D0-4B5E-98FA-8B4383421155}.Release|x86.ActiveCfg = Release|Any CPU
		{81A6088A-50D0-4B5E-98FA-8B4383421155}.Release|x86.Build.0 = Release|Any CPU
		{C743E1E1-492A-4699-8618-FBB2E2683492}.Debug|Any CPU.ActiveCfg = Debug|Any CPU
		{C743E1E1-492A-4699-8618-FBB2E2683492}.Debug|Any CPU.Build.0 = Debug|Any CPU
		{C743E1E1-492A-4699-8618-FBB2E2683492}.Debug|x64.ActiveCfg = Debug|Any CPU
		{C743E1E1-492A-4699-8618-FBB2E2683492}.Debug|x64.Build.0 = Debug|Any CPU
		{C743E1E1-492A-4699-8618-FBB2E2683492}.Debug|x86.ActiveCfg = Debug|Any CPU
		{C743E1E1-492A-4699-8618-FBB2E2683492}.Debug|x86.Build.0 = Debug|Any CPU
		{C743E1E1-492A-4699-8618-FBB2E2683492}.Release|Any CPU.ActiveCfg = Release|Any CPU
		{C743E1E1-492A-4699-8618-FBB2E2683492}.Release|Any CPU.Build.0 = Release|Any CPU
		{C743E1E1-492A-4699-8618-FBB2E2683492}.Release|x64.ActiveCfg = Release|Any CPU
		{C743E1E1-492A-4699-8618-FBB2E2683492}.Release|x64.Build.0 = Release|Any CPU
		{C743E1E1-492A-4699-8618-FBB2E2683492}.Release|x86.ActiveCfg = Release|Any CPU
		{C743E1E1-492A-4699-8618-FBB2E2683492}.Release|x86.Build.0 = Release|Any CPU
		{ECDEF6EF-197A-4DF9-A3F2-072FB53B5CAA}.Debug|Any CPU.ActiveCfg = Debug|Any CPU
		{ECDEF6EF-197A-4DF9-A3F2-072FB53B5CAA}.Debug|Any CPU.Build.0 = Debug|Any CPU
		{ECDEF6EF-197A-4DF9-A3F2-072FB53B5CAA}.Debug|x64.ActiveCfg = Debug|Any CPU
		{ECDEF6EF-197A-4DF9-A3F2-072FB53B5CAA}.Debug|x64.Build.0 = Debug|Any CPU
		{ECDEF6EF-197A-4DF9-A3F2-072FB53B5CAA}.Debug|x86.ActiveCfg = Debug|Any CPU
		{ECDEF6EF-197A-4DF9-A3F2-072FB53B5CAA}.Debug|x86.Build.0 = Debug|Any CPU
		{ECDEF6EF-197A-4DF9-A3F2-072FB53B5CAA}.Release|Any CPU.ActiveCfg = Release|Any CPU
		{ECDEF6EF-197A-4DF9-A3F2-072FB53B5CAA}.Release|Any CPU.Build.0 = Release|Any CPU
		{ECDEF6EF-197A-4DF9-A3F2-072FB53B5CAA}.Release|x64.ActiveCfg = Release|Any CPU
		{ECDEF6EF-197A-4DF9-A3F2-072FB53B5CAA}.Release|x64.Build.0 = Release|Any CPU
		{ECDEF6EF-197A-4DF9-A3F2-072FB53B5CAA}.Release|x86.ActiveCfg = Release|Any CPU
		{ECDEF6EF-197A-4DF9-A3F2-072FB53B5CAA}.Release|x86.Build.0 = Release|Any CPU
		{55F2C7B3-78FE-45A2-9847-1A2AD8076E11}.Debug|Any CPU.ActiveCfg = Debug|Any CPU
		{55F2C7B3-78FE-45A2-9847-1A2AD8076E11}.Debug|Any CPU.Build.0 = Debug|Any CPU
		{55F2C7B3-78FE-45A2-9847-1A2AD8076E11}.Debug|x64.ActiveCfg = Debug|Any CPU
		{55F2C7B3-78FE-45A2-9847-1A2AD8076E11}.Debug|x64.Build.0 = Debug|Any CPU
		{55F2C7B3-78FE-45A2-9847-1A2AD8076E11}.Debug|x86.ActiveCfg = Debug|Any CPU
		{55F2C7B3-78FE-45A2-9847-1A2AD8076E11}.Debug|x86.Build.0 = Debug|Any CPU
		{55F2C7B3-78FE-45A2-9847-1A2AD8076E11}.Release|Any CPU.ActiveCfg = Release|Any CPU
		{55F2C7B3-78FE-45A2-9847-1A2AD8076E11}.Release|Any CPU.Build.0 = Release|Any CPU
		{55F2C7B3-78FE-45A2-9847-1A2AD8076E11}.Release|x64.ActiveCfg = Release|Any CPU
		{55F2C7B3-78FE-45A2-9847-1A2AD8076E11}.Release|x64.Build.0 = Release|Any CPU
		{55F2C7B3-78FE-45A2-9847-1A2AD8076E11}.Release|x86.ActiveCfg = Release|Any CPU
		{55F2C7B3-78FE-45A2-9847-1A2AD8076E11}.Release|x86.Build.0 = Release|Any CPU
	EndGlobalSection
	GlobalSection(SolutionProperties) = preSolution
		HideSolutionNode = FALSE
	EndGlobalSection
	GlobalSection(ExtensibilityGlobals) = postSolution
		SolutionGuid = {D0E707AA-A93A-401E-A5C3-85FE691B9AB9}
	EndGlobalSection
EndGlobal
